
Microsoft Visual Studio Solution File, Format Version 12.00
# Visual Studio Version 17
VisualStudioVersion = 17.14.37516.0 d17.14
MinimumVisualStudioVersion = 10.0.40219.1
Project("{FAE04EC0-301F-11D3-BF4B-00C04F79EFBC}") = "Tutorial2_4", "Tutorial2_4\Tutorial2_4.csproj", "{53801798-7B16-426A-98D3-37E4CC43A897}"
EndProject
Global
	GlobalSection(SolutionConfigurationPlatforms) = preSolution
		Debug|Any CPU = Debug|Any CPU
		Release|Any CPU = Release|Any CPU
	EndGlobalSection
	GlobalSection(ProjectConfigurationPlatforms) = postSolution
		{53801798-7B16-426A-98D3-37E4CC43A897}.Debug|Any CPU.ActiveCfg = Debug|Any CPU
		{53801798-7B16-426A-98D3-37E4CC43A897}.Debug|Any CPU.Build.0 = Debug|Any CPU
		{53801798-7B16-426A-98D3-37E4CC43A897}.Release|Any CPU.ActiveCfg = Release|Any CPU
		{53801798-7B16-426A-98D3-37E4CC43A897}.Release|Any CPU.Build.0 = Release|Any CPU
	EndGlobalSection
	GlobalSection(SolutionProperties) = preSolution
		HideSolutionNode = FALSE
	EndGlobalSection
	GlobalSection(ExtensibilityGlobals) = postSolution
		SolutionGuid = {FC132DF5-B224-4B48-AD13-AE8A4BFEC344}
	EndGlobalSection
EndGlobal
